
Microsoft Visual Studio Solution File, Format Version 12.00
# Visual Studio Version 16
VisualStudioVersion = 16.0.30517.126
MinimumVisualStudioVersion = 10.0.40219.1
Project("{FAE04EC0-301F-11D3-BF4B-00C04F79EFBC}") = "E3APasswordEncryptionAuthentication", "E3APasswordEncryptionAuthentication\E3APasswordEncryptionAuthentication.csproj", "{BDDDA60F-3A1D-4F66-8873-B95468F98092}"
EndProject
Global
	GlobalSection(SolutionConfigurationPlatforms) = preSolution
		Debug|Any CPU = Debug|Any CPU
		Release|Any CPU = Release|Any CPU
	EndGlobalSection
	GlobalSection(ProjectConfigurationPlatforms) = postSolution
		{BDDDA60F-3A1D-4F66-8873-B95468F98092}.Debug|Any CPU.ActiveCfg = Debug|Any CPU
		{BDDDA60F-3A1D-4F66-8873-B95468F98092}.Debug|Any CPU.Build.0 = Debug|Any CPU
		{BDDDA60F-3A1D-4F66-8873-B95468F98092}.Release|Any CPU.ActiveCfg = Release|Any CPU
		{BDDDA60F-3A1D-4F66-8873-B95468F98092}.Release|Any CPU.Build.0 = Release|Any CPU
	EndGlobalSection
	GlobalSection(SolutionProperties) = preSolution
		HideSolutionNode = FALSE
	EndGlobalSection
	GlobalSection(ExtensibilityGlobals) = postSolution
		SolutionGuid = {2A4A3F81-D530-40E2-907D-93794D9468B4}
	EndGlobalSection
EndGlobal
